
Microsoft Visual Studio Solution File, Format Version 12.00
# Visual Studio Version 17
VisualStudioVersion = 17.8.34408.163
MinimumVisualStudioVersion = 10.0.40219.1
Project("{9A19103F-16F7-4668-BE54-9A1E7A4F7556}") = "Administrator", "Administrator.csproj", "{0FDFFBB0-3672-4E06-A57C-90DCC6537B63}"
EndProject
Project("{2150E333-8FDC-42A3-9474-1A3956D46DE8}") = "Solution Items", "Solution Items", "{34A9931D-3BE8-430C-846E-317FDE1D7319}"
	ProjectSection(SolutionItems) = preProject
		.editorconfig = .editorconfig
	EndProjectSection
EndProject
Global
	GlobalSection(SolutionConfigurationPlatforms) = preSolution
		Debug|Any CPU = Debug|Any CPU
		Release|Any CPU = Release|Any CPU
	EndGlobalSection
	GlobalSection(ProjectConfigurationPlatforms) = postSolution
		{0FDFFBB0-3672-4E06-A57C-90DCC6537B63}.Debug|Any CPU.ActiveCfg = Debug|Any CPU
		{0FDFFBB0-3672-4E06-A57C-90DCC6537B63}.Debug|Any CPU.Build.0 = Debug|Any CPU
		{0FDFFBB0-3672-4E06-A57C-90DCC6537B63}.Release|Any CPU.ActiveCfg = Release|Any CPU
		{0FDFFBB0-3672-4E06-A57C-90DCC6537B63}.Release|Any CPU.Build.0 = Release|Any CPU
	EndGlobalSection
	GlobalSection(SolutionProperties) = preSolution
		HideSolutionNode = FALSE
	EndGlobalSection
	GlobalSection(ExtensibilityGlobals) = postSolution
		SolutionGuid = {B1DF8E0E-BC74-4814-81BD-5924A6A0372F}
	EndGlobalSection
EndGlobal
